
Microsoft Visual Studio Solution File, Format Version 12.00
# Visual Studio Version 16
VisualStudioVersion = 16.0.29609.76
MinimumVisualStudioVersion = 10.0.40219.1
Project("{9A19103F-16F7-4668-BE54-9A1E7A4F7556}") = "ReverseString", "LeetCode\ReverseString.csproj", "{011BE1F0-7797-4580-B38F-654D64BD4F2A}"
EndProject
Project("{9A19103F-16F7-4668-BE54-9A1E7A4F7556}") = "Doorlock", "Doorlock\Doorlock.csproj", "{AF076B40-851C-46B4-A5C4-372CA27F8DD7}"
EndProject
Project("{9A19103F-16F7-4668-BE54-9A1E7A4F7556}") = "Variable", "Giraffe\Variable.csproj", "{8941C1C1-ECEB-4BC5-83F0-F2D708264D5B}"
EndProject
Project("{9A19103F-16F7-4668-BE54-9A1E7A4F7556}") = "DataTypes", "DataTypes\DataTypes.csproj", "{FAE70005-C17C-4E1D-9FEE-EAB464957E66}"
EndProject
Project("{9A19103F-16F7-4668-BE54-9A1E7A4F7556}") = "UserInput", "UserInput\UserInput.csproj", "{6F0A1A56-B57B-43F5-A414-16B833013273}"
EndProject
Project("{9A19103F-16F7-4668-BE54-9A1E7A4F7556}") = "Caculator", "Caculator\Caculator.csproj", "{DE71A807-BACA-4FF7-B728-B7B92B9E3ACD}"
EndProject
Project("{9A19103F-16F7-4668-BE54-9A1E7A4F7556}") = "MadLib", "MadLib\MadLib.csproj", "{011AD7C3-1E1D-4797-8E44-055CCF80BAC4}"
EndProject
Project("{9A19103F-16F7-4668-BE54-9A1E7A4F7556}") = "Array", "Array\Array.csproj", "{32F8F7B1-AC5D-4FE8-973D-FD437D807384}"
EndProject
Project("{9A19103F-16F7-4668-BE54-9A1E7A4F7556}") = "Method", "Method\Method.csproj", "{E4E08BAC-7C05-4D41-BB73-67436E8052E9}"
EndProject
Project("{FAE04EC0-301F-11D3-BF4B-00C04F79EFBC}") = "ReturnStatement", "ReturnStatement\ReturnStatement.csproj", "{6033E239-8D61-4DFB-836F-1C915920B52A}"
EndProject
Project("{FAE04EC0-301F-11D3-BF4B-00C04F79EFBC}") = "IfStatement", "IfStatement\IfStatement.csproj", "{30B74FBE-81C7-4B41-8776-F53486DE799A}"
EndProject
Project("{FAE04EC0-301F-11D3-BF4B-00C04F79EFBC}") = "IfStatement2", "IfStatement2\IfStatement2.csproj", "{5A758756-6D46-4553-97FE-5FDE626CB275}"
EndProject
Project("{FAE04EC0-301F-11D3-BF4B-00C04F79EFBC}") = "SwitchStatement", "SwitchStatement\SwitchStatement.csproj", "{33CBAFCE-2235-450D-AF96-92EA5E6BB30E}"
EndProject
Project("{FAE04EC0-301F-11D3-BF4B-00C04F79EFBC}") = "WhileLoop", "WhileLoop\WhileLoop.csproj", "{0914C459-69A7-4EE8-8149-F8197FD63E70}"
EndProject
Project("{FAE04EC0-301F-11D3-BF4B-00C04F79EFBC}") = "GuessingGame", "GuessingGame\GuessingGame.csproj", "{F2C0ABDA-BF8E-495E-B361-DE5C3717F90A}"
EndProject
Project("{FAE04EC0-301F-11D3-BF4B-00C04F79EFBC}") = "ForLoop", "ForLoop\ForLoop.csproj", "{AA80ACBB-39E6-434C-BC4C-A42C542CE552}"
EndProject
Global
	GlobalSection(SolutionConfigurationPlatforms) = preSolution
		Debug|Any CPU = Debug|Any CPU
		Release|Any CPU = Release|Any CPU
	EndGlobalSection
	GlobalSection(ProjectConfigurationPlatforms) = postSolution
		{011BE1F0-7797-4580-B38F-654D64BD4F2A}.Debug|Any CPU.ActiveCfg = Debug|Any CPU
		{011BE1F0-7797-4580-B38F-654D64BD4F2A}.Debug|Any CPU.Build.0 = Debug|Any CPU
		{011BE1F0-7797-4580-B38F-654D64BD4F2A}.Release|Any CPU.ActiveCfg = Release|Any CPU
		{011BE1F0-7797-4580-B38F-654D64BD4F2A}.Release|Any CPU.Build.0 = Release|Any CPU
		{AF076B40-851C-46B4-A5C4-372CA27F8DD7}.Debug|Any CPU.ActiveCfg = Debug|Any CPU
		{AF076B40-851C-46B4-A5C4-372CA27F8DD7}.Debug|Any CPU.Build.0 = Debug|Any CPU
		{AF076B40-851C-46B4-A5C4-372CA27F8DD7}.Release|Any CPU.ActiveCfg = Release|Any CPU
		{AF076B40-851C-46B4-A5C4-372CA27F8DD7}.Release|Any CPU.Build.0 = Release|Any CPU
		{8941C1C1-ECEB-4BC5-83F0-F2D708264D5B}.Debug|Any CPU.ActiveCfg = Debug|Any CPU
		{8941C1C1-ECEB-4BC5-83F0-F2D708264D5B}.Debug|Any CPU.Build.0 = Debug|Any CPU
		{8941C1C1-ECEB-4BC5-83F0-F2D708264D5B}.Release|Any CPU.ActiveCfg = Release|Any CPU
		{8941C1C1-ECEB-4BC5-83F0-F2D708264D5B}.Release|Any CPU.Build.0 = Release|Any CPU
		{FAE70005-C17C-4E1D-9FEE-EAB464957E66}.Debug|Any CPU.ActiveCfg = Debug|Any CPU
		{FAE70005-C17C-4E1D-9FEE-EAB464957E66}.Debug|Any CPU.Build.0 = Debug|Any CPU
		{FAE70005-C17C-4E1D-9FEE-EAB464957E66}.Release|Any CPU.ActiveCfg = Release|Any CPU
		{FAE70005-C17C-4E1D-9FEE-EAB464957E66}.Release|Any CPU.Build.0 = Release|Any CPU
		{6F0A1A56-B57B-43F5-A414-16B833013273}.Debug|Any CPU.ActiveCfg = Debug|Any CPU
		{6F0A1A56-B57B-43F5-A414-16B833013273}.Debug|Any CPU.Build.0 = Debug|Any CPU
		{6F0A1A56-B57B-43F5-A414-16B833013273}.Release|Any CPU.ActiveCfg = Release|Any CPU
		{6F0A1A56-B57B-43F5-A414-16B833013273}.Release|Any CPU.Build.0 = Release|Any CPU
		{DE71A807-BACA-4FF7-B728-B7B92B9E3ACD}.Debug|Any CPU.ActiveCfg = Debug|Any CPU
		{DE71A807-BACA-4FF7-B728-B7B92B9E3ACD}.Debug|Any CPU.Build.0 = Debug|Any CPU
		{DE71A807-BACA-4FF7-B728-B7B92B9E3ACD}.Release|Any CPU.ActiveCfg = Release|Any CPU
		{DE71A807-BACA-4FF7-B728-B7B92B9E3ACD}.Release|Any CPU.Build.0 = Release|Any CPU
		{011AD7C3-1E1D-4797-8E44-055CCF80BAC4}.Debug|Any CPU.ActiveCfg = Debug|Any CPU
		{011AD7C3-1E1D-4797-8E44-055CCF80BAC4}.Debug|Any CPU.Build.0 = Debug|Any CPU
		{011AD7C3-1E1D-4797-8E44-055CCF80BAC4}.Release|Any CPU.ActiveCfg = Release|Any CPU
		{011AD7C3-1E1D-4797-8E44-055CCF80BAC4}.Release|Any CPU.Build.0 = Release|Any CPU
		{32F8F7B1-AC5D-4FE8-973D-FD437D807384}.Debug|Any CPU.ActiveCfg = Debug|Any CPU
		{32F8F7B1-AC5D-4FE8-973D-FD437D807384}.Debug|Any CPU.Build.0 = Debug|Any CPU
		{32F8F7B1-AC5D-4FE8-973D-FD437D807384}.Release|Any CPU.ActiveCfg = Release|Any CPU
		{32F8F7B1-AC5D-4FE8-973D-FD437D807384}.Release|Any CPU.Build.0 = Release|Any CPU
		{E4E08BAC-7C05-4D41-BB73-67436E8052E9}.Debug|Any CPU.ActiveCfg = Debug|Any CPU
		{E4E08BAC-7C05-4D41-BB73-67436E8052E9}.Debug|Any CPU.Build.0 = Debug|Any CPU
		{E4E08BAC-7C05-4D41-BB73-67436E8052E9}.Release|Any CPU.ActiveCfg = Release|Any CPU
		{E4E08BAC-7C05-4D41-BB73-67436E8052E9}.Release|Any CPU.Build.0 = Release|Any CPU
		{6033E239-8D61-4DFB-836F-1C915920B52A}.Debug|Any CPU.ActiveCfg = Debug|Any CPU
		{6033E239-8D61-4DFB-836F-1C915920B52A}.Debug|Any CPU.Build.0 = Debug|Any CPU
		{6033E239-8D61-4DFB-836F-1C915920B52A}.Release|Any CPU.ActiveCfg = Release|Any CPU
		{6033E239-8D61-4DFB-836F-1C915920B52A}.Release|Any CPU.Build.0 = Release|Any CPU
		{30B74FBE-81C7-4B41-8776-F53486DE799A}.Debug|Any CPU.ActiveCfg = Debug|Any CPU
		{30B74FBE-81C7-4B41-8776-F53486DE799A}.Debug|Any CPU.Build.0 = Debug|Any CPU
		{30B74FBE-81C7-4B41-8776-F53486DE799A}.Release|Any CPU.ActiveCfg = Release|Any CPU
		{30B74FBE-81C7-4B41-8776-F53486DE799A}.Release|Any CPU.Build.0 = Release|Any CPU
		{5A758756-6D46-4553-97FE-5FDE626CB275}.Debug|Any CPU.ActiveCfg = Debug|Any CPU
		{5A758756-6D46-4553-97FE-5FDE626CB275}.Debug|Any CPU.Build.0 = Debug|Any CPU
		{5A758756-6D46-4553-97FE-5FDE626CB275}.Release|Any CPU.ActiveCfg = Release|Any CPU
		{5A758756-6D46-4553-97FE-5FDE626CB275}.Release|Any CPU.Build.0 = Release|Any CPU
		{33CBAFCE-2235-450D-AF96-92EA5E6BB30E}.Debug|Any CPU.ActiveCfg = Debug|Any CPU
		{33CBAFCE-2235-450D-AF96-92EA5E6BB30E}.Debug|Any CPU.Build.0 = Debug|Any CPU
		{33CBAFCE-2235-450D-AF96-92EA5E6BB30E}.Release|Any CPU.ActiveCfg = Release|Any CPU
		{33CBAFCE-2235-450D-AF96-92EA5E6BB30E}.Release|Any CPU.Build.0 = Release|Any CPU
		{0914C459-69A7-4EE8-8149-F8197FD63E70}.Debug|Any CPU.ActiveCfg = Debug|Any CPU
		{0914C459-69A7-4EE8-8149-F8197FD63E70}.Debug|Any CPU.Build.0 = Debug|Any CPU
		{0914C459-69A7-4EE8-8149-F8197FD63E70}.Release|Any CPU.ActiveCfg = Release|Any CPU
		{0914C459-69A7-4EE8-8149-F8197FD63E70}.Release|Any CPU.Build.0 = Release|Any CPU
		{F2C0ABDA-BF8E-495E-B361-DE5C3717F90A}.Debug|Any CPU.ActiveCfg = Debug|Any CPU
		{F2C0ABDA-BF8E-495E-B361-DE5C3717F90A}.Debug|Any CPU.Build.0 = Debug|Any CPU
		{F2C0ABDA-BF8E-495E-B361-DE5C3717F90A}.Release|Any CPU.ActiveCfg = Release|Any CPU
		{F2C0ABDA-BF8E-495E-B361-DE5C3717F90A}.Release|Any CPU.Build.0 = Release|Any CPU
		{AA80ACBB-39E6-434C-BC4C-A42C542CE552}.Debug|Any CPU.ActiveCfg = Debug|Any CPU
		{AA80ACBB-39E6-434C-BC4C-A42C542CE552}.Debug|Any CPU.Build.0 = Debug|Any CPU
		{AA80ACBB-39E6-434C-BC4C-A42C542CE552}.Release|Any CPU.ActiveCfg = Release|Any CPU
		{AA80ACBB-39E6-434C-BC4C-A42C542CE552}.Release|Any CPU.Build.0 = Release|Any CPU
	EndGlobalSection
	GlobalSection(SolutionProperties) = preSolution
		HideSolutionNode = FALSE
	EndGlobalSection
	GlobalSection(ExtensibilityGlobals) = postSolution
		SolutionGuid = {4ED779A9-6733-405D-AA42-E1DCB9C043DF}
	EndGlobalSection
EndGlobal
